
Microsoft Visual Studio Solution File, Format Version 12.00
# Visual Studio Version 17
VisualStudioVersion = 17.0.31919.166
MinimumVisualStudioVersion = 10.0.40219.1
Project("{9A19103F-16F7-4668-BE54-9A1E7A4F7556}") = "QDTSCZ_ADT_2023241.Client", "QDTSCZ_ADT_2023241.Client\QDTSCZ_ADT_2023241.Client.csproj", "{56977EDB-A653-4A34-87DE-F293F18F7851}"
EndProject
Project("{9A19103F-16F7-4668-BE54-9A1E7A4F7556}") = "QDTSCZ_ADT_2023241.Models", "QDTSCZ_ADT_2023241.Models\QDTSCZ_ADT_2023241.Models.csproj", "{BB9335B0-E6AE-4FCF-A038-D6D22B51A976}"
EndProject
Project("{9A19103F-16F7-4668-BE54-9A1E7A4F7556}") = "QDTSCZ_ADT_2023241.Logic", "QDTSCZ_ADT_2023241.Logic\QDTSCZ_ADT_2023241.Logic.csproj", "{1D78333E-3638-427D-91D4-2C067F6F26E4}"
EndProject
Project("{9A19103F-16F7-4668-BE54-9A1E7A4F7556}") = "QDTSCZ_ADT_2023241.Repository", "QDTSCZ_ADT_2023241.Repository\QDTSCZ_ADT_2023241.Repository.csproj", "{1341D43F-8EF4-4D2A-BFCA-3E371295F10C}"
EndProject
Project("{2150E333-8FDC-42A3-9474-1A3956D46DE8}") = "Backend", "Backend", "{DF389F0E-6D1E-4310-8462-0CF99E6B6A78}"
EndProject
Project("{2150E333-8FDC-42A3-9474-1A3956D46DE8}") = "Frontend", "Frontend", "{B95A40B7-A6E8-4016-9019-DE4E39A22C62}"
EndProject
Project("{2150E333-8FDC-42A3-9474-1A3956D46DE8}") = "Shared", "Shared", "{6E17FE8B-FE71-41BC-A64A-A72EE9A5A8C6}"
EndProject
Project("{9A19103F-16F7-4668-BE54-9A1E7A4F7556}") = "QDTSCZ_ADT_2023241.Test", "QDTSCZ_ADT_2023241.Test\QDTSCZ_ADT_2023241.Test.csproj", "{1B71533F-13FB-4573-A4AA-F4E81D76F817}"
EndProject
Project("{FAE04EC0-301F-11D3-BF4B-00C04F79EFBC}") = "QDTSCZ_ADT_2023241.Endpoint", "QDTSCZ_ADT_2023241.Endpoint\QDTSCZ_ADT_2023241.Endpoint.csproj", "{89E08268-CACB-4C89-8C03-1D1EDB66E2E6}"
EndProject
Global
	GlobalSection(SolutionConfigurationPlatforms) = preSolution
		Debug|Any CPU = Debug|Any CPU
		Release|Any CPU = Release|Any CPU
	EndGlobalSection
	GlobalSection(ProjectConfigurationPlatforms) = postSolution
		{56977EDB-A653-4A34-87DE-F293F18F7851}.Debug|Any CPU.ActiveCfg = Debug|Any CPU
		{56977EDB-A653-4A34-87DE-F293F18F7851}.Debug|Any CPU.Build.0 = Debug|Any CPU
		{56977EDB-A653-4A34-87DE-F293F18F7851}.Release|Any CPU.ActiveCfg = Release|Any CPU
		{56977EDB-A653-4A34-87DE-F293F18F7851}.Release|Any CPU.Build.0 = Release|Any CPU
		{BB9335B0-E6AE-4FCF-A038-D6D22B51A976}.Debug|Any CPU.ActiveCfg = Debug|Any CPU
		{BB9335B0-E6AE-4FCF-A038-D6D22B51A976}.Debug|Any CPU.Build.0 = Debug|Any CPU
		{BB9335B0-E6AE-4FCF-A038-D6D22B51A976}.Release|Any CPU.ActiveCfg = Release|Any CPU
		{BB9335B0-E6AE-4FCF-A038-D6D22B51A976}.Release|Any CPU.Build.0 = Release|Any CPU
		{1D78333E-3638-427D-91D4-2C067F6F26E4}.Debug|Any CPU.ActiveCfg = Debug|Any CPU
		{1D78333E-3638-427D-91D4-2C067F6F26E4}.Debug|Any CPU.Build.0 = Debug|Any CPU
		{1D78333E-3638-427D-91D4-2C067F6F26E4}.Release|Any CPU.ActiveCfg = Release|Any CPU
		{1D78333E-3638-427D-91D4-2C067F6F26E4}.Release|Any CPU.Build.0 = Release|Any CPU
		{1341D43F-8EF4-4D2A-BFCA-3E371295F10C}.Debug|Any CPU.ActiveCfg = Debug|Any CPU
		{1341D43F-8EF4-4D2A-BFCA-3E371295F10C}.Debug|Any CPU.Build.0 = Debug|Any CPU
		{1341D43F-8EF4-4D2A-BFCA-3E371295F10C}.Release|Any CPU.ActiveCfg = Release|Any CPU
		{1341D43F-8EF4-4D2A-BFCA-3E371295F10C}.Release|Any CPU.Build.0 = Release|Any CPU
		{1B71533F-13FB-4573-A4AA-F4E81D76F817}.Debug|Any CPU.ActiveCfg = Debug|Any CPU
		{1B71533F-13FB-4573-A4AA-F4E81D76F817}.Debug|Any CPU.Build.0 = Debug|Any CPU
		{1B71533F-13FB-4573-A4AA-F4E81D76F817}.Release|Any CPU.ActiveCfg = Release|Any CPU
		{1B71533F-13FB-4573-A4AA-F4E81D76F817}.Release|Any CPU.Build.0 = Release|Any CPU
		{89E08268-CACB-4C89-8C03-1D1EDB66E2E6}.Debug|Any CPU.ActiveCfg = Debug|Any CPU
		{89E08268-CACB-4C89-8C03-1D1EDB66E2E6}.Debug|Any CPU.Build.0 = Debug|Any CPU
		{89E08268-CACB-4C89-8C03-1D1EDB66E2E6}.Release|Any CPU.ActiveCfg = Release|Any CPU
		{89E08268-CACB-4C89-8C03-1D1EDB66E2E6}.Release|Any CPU.Build.0 = Release|Any CPU
	EndGlobalSection
	GlobalSection(SolutionProperties) = preSolution
		HideSolutionNode = FALSE
	EndGlobalSection
	GlobalSection(NestedProjects) = preSolution
		{56977EDB-A653-4A34-87DE-F293F18F7851} = {B95A40B7-A6E8-4016-9019-DE4E39A22C62}
		{BB9335B0-E6AE-4FCF-A038-D6D22B51A976} = {6E17FE8B-FE71-41BC-A64A-A72EE9A5A8C6}
		{1D78333E-3638-427D-91D4-2C067F6F26E4} = {DF389F0E-6D1E-4310-8462-0CF99E6B6A78}
		{1341D43F-8EF4-4D2A-BFCA-3E371295F10C} = {DF389F0E-6D1E-4310-8462-0CF99E6B6A78}
		{1B71533F-13FB-4573-A4AA-F4E81D76F817} = {DF389F0E-6D1E-4310-8462-0CF99E6B6A78}
		{89E08268-CACB-4C89-8C03-1D1EDB66E2E6} = {DF389F0E-6D1E-4310-8462-0CF99E6B6A78}
	EndGlobalSection
	GlobalSection(ExtensibilityGlobals) = postSolution
		SolutionGuid = {7B02F984-E8F6-480E-B02D-2D8684413F14}
	EndGlobalSection
EndGlobal
